
Microsoft Visual Studio Solution File, Format Version 12.00
# Visual Studio Version 17
VisualStudioVersion = 17.9.34902.65
MinimumVisualStudioVersion = 10.0.40219.1
Project("{2150E333-8FDC-42A3-9474-1A3956D46DE8}") = "FrontEnd", "FrontEnd", "{12317A6B-3306-4AFB-8CD6-6C29D86501DD}"
EndProject
Project("{2150E333-8FDC-42A3-9474-1A3956D46DE8}") = "Integration", "Integration", "{F302842C-129D-413C-8270-1AC41CC7ADD8}"
EndProject
Project("{2150E333-8FDC-42A3-9474-1A3956D46DE8}") = "Services", "Services", "{7BB900CC-0AA4-4FA2-91E3-C9E033605A80}"
EndProject
Project("{9A19103F-16F7-4668-BE54-9A1E7A4F7556}") = "ECommerce.Services.CouponAPI", "Services\ECommerce.Services.CouponAPI\ECommerce.Services.CouponAPI.csproj", "{BFEBEA33-F23E-4364-88B3-336DE26A3A95}"
EndProject
Project("{9A19103F-16F7-4668-BE54-9A1E7A4F7556}") = "ECommerce.Web", "FrontEnd\ECommerce.Web\ECommerce.Web.csproj", "{4E1FE125-4F77-499A-A7E7-B190B354F4BB}"
EndProject
Project("{9A19103F-16F7-4668-BE54-9A1E7A4F7556}") = "ECommerce.Services.AuthAPI", "Services\ECommerce.Services.AuthAPI\ECommerce.Services.AuthAPI.csproj", "{EBDF8A9A-E500-494A-9BB7-28AE8BBE9063}"
EndProject
Project("{9A19103F-16F7-4668-BE54-9A1E7A4F7556}") = "ECommerce.Services.ProductAPI", "Services\ECommerce.Services.ProductAPI\ECommerce.Services.ProductAPI.csproj", "{9960CC5D-3F3B-41CC-AC0F-180795278D37}"
EndProject
Project("{9A19103F-16F7-4668-BE54-9A1E7A4F7556}") = "ECommerce.Services.ShoppingCartAPI", "Services\ECommerce.Services.ShoppingCartAPI\ECommerce.Services.ShoppingCartAPI.csproj", "{BD4DA99D-8E59-45E8-BE29-B0724DA37E09}"
EndProject
Project("{FAE04EC0-301F-11D3-BF4B-00C04F79EFBC}") = "ECommerce.MessageBus", "Integration\ECommerce.MessageBus\ECommerce.MessageBus.csproj", "{7A6262EC-6DB0-4A94-953F-9271B0EA5256}"
EndProject
Project("{FAE04EC0-301F-11D3-BF4B-00C04F79EFBC}") = "ECommerce.Services.EmailAPI", "Services\ECommerce.Services.EmailAPI\ECommerce.Services.EmailAPI.csproj", "{A90FA1A5-1F50-4B80-A368-DEC794FCDA07}"
EndProject
Global
	GlobalSection(SolutionConfigurationPlatforms) = preSolution
		Debug|Any CPU = Debug|Any CPU
		Release|Any CPU = Release|Any CPU
	EndGlobalSection
	GlobalSection(ProjectConfigurationPlatforms) = postSolution
		{BFEBEA33-F23E-4364-88B3-336DE26A3A95}.Debug|Any CPU.ActiveCfg = Debug|Any CPU
		{BFEBEA33-F23E-4364-88B3-336DE26A3A95}.Debug|Any CPU.Build.0 = Debug|Any CPU
		{BFEBEA33-F23E-4364-88B3-336DE26A3A95}.Release|Any CPU.ActiveCfg = Release|Any CPU
		{BFEBEA33-F23E-4364-88B3-336DE26A3A95}.Release|Any CPU.Build.0 = Release|Any CPU
		{4E1FE125-4F77-499A-A7E7-B190B354F4BB}.Debug|Any CPU.ActiveCfg = Debug|Any CPU
		{4E1FE125-4F77-499A-A7E7-B190B354F4BB}.Debug|Any CPU.Build.0 = Debug|Any CPU
		{4E1FE125-4F77-499A-A7E7-B190B354F4BB}.Release|Any CPU.ActiveCfg = Release|Any CPU
		{4E1FE125-4F77-499A-A7E7-B190B354F4BB}.Release|Any CPU.Build.0 = Release|Any CPU
		{EBDF8A9A-E500-494A-9BB7-28AE8BBE9063}.Debug|Any CPU.ActiveCfg = Debug|Any CPU
		{EBDF8A9A-E500-494A-9BB7-28AE8BBE9063}.Debug|Any CPU.Build.0 = Debug|Any CPU
		{EBDF8A9A-E500-494A-9BB7-28AE8BBE9063}.Release|Any CPU.ActiveCfg = Release|Any CPU
		{EBDF8A9A-E500-494A-9BB7-28AE8BBE9063}.Release|Any CPU.Build.0 = Release|Any CPU
		{9960CC5D-3F3B-41CC-AC0F-180795278D37}.Debug|Any CPU.ActiveCfg = Debug|Any CPU
		{9960CC5D-3F3B-41CC-AC0F-180795278D37}.Debug|Any CPU.Build.0 = Debug|Any CPU
		{9960CC5D-3F3B-41CC-AC0F-180795278D37}.Release|Any CPU.ActiveCfg = Release|Any CPU
		{9960CC5D-3F3B-41CC-AC0F-180795278D37}.Release|Any CPU.Build.0 = Release|Any CPU
		{BD4DA99D-8E59-45E8-BE29-B0724DA37E09}.Debug|Any CPU.ActiveCfg = Debug|Any CPU
		{BD4DA99D-8E59-45E8-BE29-B0724DA37E09}.Debug|Any CPU.Build.0 = Debug|Any CPU
		{BD4DA99D-8E59-45E8-BE29-B0724DA37E09}.Release|Any CPU.ActiveCfg = Release|Any CPU
		{BD4DA99D-8E59-45E8-BE29-B0724DA37E09}.Release|Any CPU.Build.0 = Release|Any CPU
		{7A6262EC-6DB0-4A94-953F-9271B0EA5256}.Debug|Any CPU.ActiveCfg = Debug|Any CPU
		{7A6262EC-6DB0-4A94-953F-9271B0EA5256}.Debug|Any CPU.Build.0 = Debug|Any CPU
		{7A6262EC-6DB0-4A94-953F-9271B0EA5256}.Release|Any CPU.ActiveCfg = Release|Any CPU
		{7A6262EC-6DB0-4A94-953F-9271B0EA5256}.Release|Any CPU.Build.0 = Release|Any CPU
		{A90FA1A5-1F50-4B80-A368-DEC794FCDA07}.Debug|Any CPU.ActiveCfg = Debug|Any CPU
		{A90FA1A5-1F50-4B80-A368-DEC794FCDA07}.Debug|Any CPU.Build.0 = Debug|Any CPU
		{A90FA1A5-1F50-4B80-A368-DEC794FCDA07}.Release|Any CPU.ActiveCfg = Release|Any CPU
		{A90FA1A5-1F50-4B80-A368-DEC794FCDA07}.Release|Any CPU.Build.0 = Release|Any CPU
	EndGlobalSection
	GlobalSection(SolutionProperties) = preSolution
		HideSolutionNode = FALSE
	EndGlobalSection
	GlobalSection(NestedProjects) = preSolution
		{BFEBEA33-F23E-4364-88B3-336DE26A3A95} = {7BB900CC-0AA4-4FA2-91E3-C9E033605A80}
		{4E1FE125-4F77-499A-A7E7-B190B354F4BB} = {12317A6B-3306-4AFB-8CD6-6C29D86501DD}
		{EBDF8A9A-E500-494A-9BB7-28AE8BBE9063} = {7BB900CC-0AA4-4FA2-91E3-C9E033605A80}
		{9960CC5D-3F3B-41CC-AC0F-180795278D37} = {7BB900CC-0AA4-4FA2-91E3-C9E033605A80}
		{BD4DA99D-8E59-45E8-BE29-B0724DA37E09} = {7BB900CC-0AA4-4FA2-91E3-C9E033605A80}
		{7A6262EC-6DB0-4A94-953F-9271B0EA5256} = {F302842C-129D-413C-8270-1AC41CC7ADD8}
		{A90FA1A5-1F50-4B80-A368-DEC794FCDA07} = {7BB900CC-0AA4-4FA2-91E3-C9E033605A80}
	EndGlobalSection
	GlobalSection(ExtensibilityGlobals) = postSolution
		SolutionGuid = {4D5A79B8-3994-4465-A6B5-9393E4B9724F}
	EndGlobalSection
EndGlobal
